{
    "_readme": [
        "This file locks the dependencies of your project to a known state",
        "Read more about it at https://getcomposer.org/doc/01-basic-usage.md#installing-dependencies",
        "This file is @generated automatically"
    ],
    "content-hash": "653f4eff9b58fd13f288bbbbead10668",
    "packages": [
        {
            "name": "planetbiru/magic-object",
            "version": "dev-main",
            "source": {
                "type": "git",
                "url": "https://github.com/Planetbiru/MagicObject.git",
                "reference": "3b5b98f343b17e450bd59e0081a44f866f85bf65"
            },
            "dist": {
                "type": "zip",
                "url": "https://api.github.com/repos/Planetbiru/MagicObject/zipball/3b5b98f343b17e450bd59e0081a44f866f85bf65",
                "reference": "3b5b98f343b17e450bd59e0081a44f866f85bf65",
                "shasum": ""
            },
            "require": {
                "symfony/yaml": "^3.4"
            },
            "default-branch": true,
            "type": "library",
            "autoload": {
                "psr-4": {
                    "MagicObject\\": "src/"
                }
            },
            "notification-url": "https://packagist.org/downloads/",
            "license": [
                "GPL-3.0-only"
            ],
            "authors": [
                {
                    "name": "Kamshory"
                }
            ],
            "description": "Magic object",
            "support": {
                "issues": "https://github.com/Planetbiru/MagicObject/issues",
                "source": "https://github.com/Planetbiru/MagicObject/tree/main"
            },
            "time": "2024-04-15T14:07:42+00:00"
        },
        {
            "name": "symfony/polyfill-ctype",
            "version": "v1.19.0",
            "source": {
                "type": "git",
                "url": "https://github.com/symfony/polyfill-ctype.git",
                "reference": "aed596913b70fae57be53d86faa2e9ef85a2297b"
            },
            "dist": {
                "type": "zip",
                "url": "https://api.github.com/repos/symfony/polyfill-ctype/zipball/aed596913b70fae57be53d86faa2e9ef85a2297b",
                "reference": "aed596913b70fae57be53d86faa2e9ef85a2297b",
                "shasum": ""
            },
            "require": {
                "php": ">=5.3.3"
            },
            "suggest": {
                "ext-ctype": "For best performance"
            },
            "type": "library",
            "extra": {
                "branch-alias": {
                    "dev-main": "1.19-dev"
                },
                "thanks": {
                    "name": "symfony/polyfill",
                    "url": "https://github.com/symfony/polyfill"
                }
            },
            "autoload": {
                "files": [
                    "bootstrap.php"
                ],
                "psr-4": {
                    "Symfony\\Polyfill\\Ctype\\": ""
                }
            },
            "notification-url": "https://packagist.org/downloads/",
            "license": [
                "MIT"
            ],
            "authors": [
                {
                    "name": "Gert de Pagter",
                    "email": "BackEndTea@gmail.com"
                },
                {
                    "name": "Symfony Community",
                    "homepage": "https://symfony.com/contributors"
                }
            ],
            "description": "Symfony polyfill for ctype functions",
            "homepage": "https://symfony.com",
            "keywords": [
                "compatibility",
                "ctype",
                "polyfill",
                "portable"
            ],
            "support": {
                "source": "https://github.com/symfony/polyfill-ctype/tree/v1.19.0"
            },
            "funding": [
                {
                    "url": "https://symfony.com/sponsor",
                    "type": "custom"
                },
                {
                    "url": "https://github.com/fabpot",
                    "type": "github"
                },
                {
                    "url": "https://tidelift.com/funding/github/packagist/symfony/symfony",
                    "type": "tidelift"
                }
            ],
            "time": "2020-10-23T09:01:57+00:00"
        },
        {
            "name": "symfony/yaml",
            "version": "v3.4.47",
            "source": {
                "type": "git",
                "url": "https://github.com/symfony/yaml.git",
                "reference": "88289caa3c166321883f67fe5130188ebbb47094"
            },
            "dist": {
                "type": "zip",
                "url": "https://api.github.com/repos/symfony/yaml/zipball/88289caa3c166321883f67fe5130188ebbb47094",
                "reference": "88289caa3c166321883f67fe5130188ebbb47094",
                "shasum": ""
            },
            "require": {
                "php": "^5.5.9|>=7.0.8",
                "symfony/polyfill-ctype": "~1.8"
            },
            "conflict": {
                "symfony/console": "<3.4"
            },
            "require-dev": {
                "symfony/console": "~3.4|~4.0"
            },
            "suggest": {
                "symfony/console": "For validating YAML files using the lint command"
            },
            "type": "library",
            "autoload": {
                "psr-4": {
                    "Symfony\\Component\\Yaml\\": ""
                },
                "exclude-from-classmap": [
                    "/Tests/"
                ]
            },
            "notification-url": "https://packagist.org/downloads/",
            "license": [
                "MIT"
            ],
            "authors": [
                {
                    "name": "Fabien Potencier",
                    "email": "fabien@symfony.com"
                },
                {
                    "name": "Symfony Community",
                    "homepage": "https://symfony.com/contributors"
                }
            ],
            "description": "Symfony Yaml Component",
            "homepage": "https://symfony.com",
            "support": {
                "source": "https://github.com/symfony/yaml/tree/v3.4.47"
            },
            "funding": [
                {
                    "url": "https://symfony.com/sponsor",
                    "type": "custom"
                },
                {
                    "url": "https://github.com/fabpot",
                    "type": "github"
                },
                {
                    "url": "https://tidelift.com/funding/github/packagist/symfony/symfony",
                    "type": "tidelift"
                }
            ],
            "time": "2020-10-24T10:57:07+00:00"
        }
    ],
    "packages-dev": [],
    "aliases": [],
    "minimum-stability": "stable",
    "stability-flags": {
        "planetbiru/magic-object": 20
    },
    "prefer-stable": false,
    "prefer-lowest": false,
    "platform": [],
    "platform-dev": [],
    "platform-overrides": {
        "php": "5.6.14"
    },
    "plugin-api-version": "2.2.0"
}
